// !$*UTF8*$!
{
	archiveVersion = 1;
	classes = {
	};
	objectVersion = 46;
	objects = {

/* Begin PBXBuildFile section */
		27EEA9DA1D2A567E003BB3A2 /* AppDelegate.swift in Sources */ = {isa = PBXBuildFile; fileRef = 27EEA9D91D2A567E003BB3A2 /* AppDelegate.swift */; };
		27EEA9DF1D2A567E003BB3A2 /* Main.storyboard in Resources */ = {isa = PBXBuildFile; fileRef = 27EEA9DD1D2A567E003BB3A2 /* Main.storyboard */; };
		27EEA9E11D2A567E003BB3A2 /* Assets.xcassets in Resources */ = {isa = PBXBuildFile; fileRef = 27EEA9E01D2A567E003BB3A2 /* Assets.xcassets */; };
		27EEA9E41D2A567E003BB3A2 /* LaunchScreen.storyboard in Resources */ = {isa = PBXBuildFile; fileRef = 27EEA9E21D2A567E003BB3A2 /* LaunchScreen.storyboard */; };
		27EEA9EF1D2A567F003BB3A2 /* multicounterTests.swift in Sources */ = {isa = PBXBuildFile; fileRef = 27EEA9EE1D2A567F003BB3A2 /* multicounterTests.swift */; };
		27EEA9FA1D2A567F003BB3A2 /* multicounterUITests.swift in Sources */ = {isa = PBXBuildFile; fileRef = 27EEA9F91D2A567F003BB3A2 /* multicounterUITests.swift */; };
		27EEAA081D2A5E24003BB3A2 /* addViewController.swift in Sources */ = {isa = PBXBuildFile; fileRef = 27EEAA071D2A5E24003BB3A2 /* addViewController.swift */; };
		27EEAA0B1D2B37CD003BB3A2 /* TableViewCell.swift in Sources */ = {isa = PBXBuildFile; fileRef = 27EEAA091D2B37CD003BB3A2 /* TableViewCell.swift */; };
		27EEAA0C1D2B37CD003BB3A2 /* TableViewCell.xib in Resources */ = {isa = PBXBuildFile; fileRef = 27EEAA0A1D2B37CD003BB3A2 /* TableViewCell.xib */; };
		27EEAA0E1D2B3887003BB3A2 /* TableViewController.swift in Sources */ = {isa = PBXBuildFile; fileRef = 27EEAA0D1D2B3887003BB3A2 /* TableViewController.swift */; };
/* End PBXBuildFile section */

/* Begin PBXContainerItemProxy section */
		27EEA9EB1D2A567F003BB3A2 /* PBXContainerItemProxy */ = {
			isa = PBXContainerItemProxy;
			containerPortal = 27EEA9CE1D2A567E003BB3A2 /* Project object */;
			proxyType = 1;
			remoteGlobalIDString = 27EEA9D51D2A567E003BB3A2;
			remoteInfo = multicounter;
		};
		27EEA9F61D2A567F003BB3A2 /* PBXContainerItemProxy */ = {
			isa = PBXContainerItemProxy;
			containerPortal = 27EEA9CE1D2A567E003BB3A2 /* Project object */;
			proxyType = 1;
			remoteGlobalIDString = 27EEA9D51D2A567E003BB3A2;
			remoteInfo = multicounter;
		};
/* End PBXContainerItemProxy section */

/* Begin PBXFileReference section */
		27EEA9D61D2A567E003BB3A2 /* multicounter.app */ = {isa = PBXFileReference; explicitFileType = wrapper.application; includeInIndex = 0; path = multicounter.app; sourceTree = BUILT_PRODUCTS_DIR; };
		27EEA9D91D2A567E003BB3A2 /* AppDelegate.swift */ = {isa = PBXFileReference; lastKnownFileType = sourcecode.swift; path = AppDelegate.swift; sourceTree = "<group>"; };
		27EEA9DE1D2A567E003BB3A2 /* Base */ = {isa = PBXFileReference; lastKnownFileType = file.storyboard; name = Base; path = Base.lproj/Main.storyboard; sourceTree = "<group>"; };
		27EEA9E01D2A567E003BB3A2 /* Assets.xcassets */ = {isa = PBXFileReference; lastKnownFileType = folder.assetcatalog; path = Assets.xcassets; sourceTree = "<group>"; };
		27EEA9E31D2A567E003BB3A2 /* Base */ = {isa = PBXFileReference; lastKnownFileType = file.storyboard; name = Base; path = Base.lproj/LaunchScreen.storyboard; sourceTree = "<group>"; };
		27EEA9E51D2A567E003BB3A2 /* Info.plist */ = {isa = PBXFileReference; lastKnownFileType = text.plist.xml; path = Info.plist; sourceTree = "<group>"; };
		27EEA9EA1D2A567F003BB3A2 /* multicounterTests.xctest */ = {isa = PBXFileReference; explicitFileType = wrapper.cfbundle; includeInIndex = 0; path = multicounterTests.xctest; sourceTree = BUILT_PRODUCTS_DIR; };
		27EEA9EE1D2A567F003BB3A2 /* multicounterTests.swift */ = {isa = PBXFileReference; lastKnownFileType = sourcecode.swift; path = multicounterTests.swift; sourceTree = "<group>"; };
		27EEA9F01D2A567F003BB3A2 /* Info.plist */ = {isa = PBXFileReference; lastKnownFileType = text.plist.xml; path = Info.plist; sourceTree = "<group>"; };
		27EEA9F51D2A567F003BB3A2 /* multicounterUITests.xctest */ = {isa = PBXFileReference; explicitFileType = wrapper.cfbundle; includeInIndex = 0; path = multicounterUITests.xctest; sourceTree = BUILT_PRODUCTS_DIR; };
		27EEA9F91D2A567F003BB3A2 /* multicounterUITests.swift */ = {isa = PBXFileReference; lastKnownFileType = sourcecode.swift; path = multicounterUITests.swift; sourceTree = "<group>"; };
		27EEA9FB1D2A567F003BB3A2 /* Info.plist */ = {isa = PBXFileReference; lastKnownFileType = text.plist.xml; path = Info.plist; sourceTree = "<group>"; };
		27EEAA071D2A5E24003BB3A2 /* addViewController.swift */ = {isa = PBXFileReference; fileEncoding = 4; lastKnownFileType = sourcecode.swift; name = addViewController.swift; path = ../addViewController.swift; sourceTree = "<group>"; };
		27EEAA091D2B37CD003BB3A2 /* TableViewCell.swift */ = {isa = PBXFileReference; fileEncoding = 4; lastKnownFileType = sourcecode.swift; path = TableViewCell.swift; sourceTree = "<group>"; };
		27EEAA0A1D2B37CD003BB3A2 /* TableViewCell.xib */ = {isa = PBXFileReference; fileEncoding = 4; lastKnownFileType = file.xib; path = TableViewCell.xib; sourceTree = "<group>"; };
		27EEAA0D1D2B3887003BB3A2 /* TableViewController.swift */ = {isa = PBXFileReference; fileEncoding = 4; lastKnownFileType = sourcecode.swift; path = TableViewController.swift; sourceTree = "<group>"; };
/* End PBXFileReference section */

/* Begin PBXFrameworksBuildPhase section */
		27EEA9D31D2A567E003BB3A2 /* Frameworks */ = {
			isa = PBXFrameworksBuildPhase;
			buildActionMask = 2147483647;
			files = (
			);
			runOnlyForDeploymentPostprocessing = 0;
		};
		27EEA9E71D2A567F003BB3A2 /* Frameworks */ = {
			isa = PBXFrameworksBuildPhase;
			buildActionMask = 2147483647;
			files = (
			);
			runOnlyForDeploymentPostprocessing = 0;
		};
		27EEA9F21D2A567F003BB3A2 /* Frameworks */ = {
			isa = PBXFrameworksBuildPhase;
			buildActionMask = 2147483647;
			files = (
			);
			runOnlyForDeploymentPostprocessing = 0;
		};
/* End PBXFrameworksBuildPhase section */

/* Begin PBXGroup section */
		27EEA9CD1D2A567E003BB3A2 = {
			isa = PBXGroup;
			children = (
				27EEA9D81D2A567E003BB3A2 /* multicounter */,
				27EEA9ED1D2A567F003BB3A2 /* multicounterTests */,
				27EEA9F81D2A567F003BB3A2 /* multicounterUITests */,
				27EEA9D71D2A567E003BB3A2 /* Products */,
			);
			sourceTree = "<group>";
		};
		27EEA9D71D2A567E003BB3A2 /* Products */ = {
			isa = PBXGroup;
			children = (
				27EEA9D61D2A567E003BB3A2 /* multicounter.app */,
				27EEA9EA1D2A567F003BB3A2 /* multicounterTests.xctest */,
				27EEA9F51D2A567F003BB3A2 /* multicounterUITests.xctest */,
			);
			name = Products;
			sourceTree = "<group>";
		};
		27EEA9D81D2A567E003BB3A2 /* multicounter */ = {
			isa = PBXGroup;
			children = (
				27EEAA071D2A5E24003BB3A2 /* addViewController.swift */,
				27EEA9D91D2A567E003BB3A2 /* AppDelegate.swift */,
				27EEA9DD1D2A567E003BB3A2 /* Main.storyboard */,
				27EEAA0D1D2B3887003BB3A2 /* TableViewController.swift */,
				27EEAA091D2B37CD003BB3A2 /* TableViewCell.swift */,
				27EEAA0A1D2B37CD003BB3A2 /* TableViewCell.xib */,
				27EEA9E01D2A567E003BB3A2 /* Assets.xcassets */,
				27EEA9E21D2A567E003BB3A2 /* LaunchScreen.storyboard */,
				27EEA9E51D2A567E003BB3A2 /* Info.plist */,
			);
			path = multicounter;
			sourceTree = "<group>";
		};
		27EEA9ED1D2A567F003BB3A2 /* multicounterTests */ = {
			isa = PBXGroup;
			children = (
				27EEA9EE1D2A567F003BB3A2 /* multicounterTests.swift */,
				27EEA9F01D2A567F003BB3A2 /* Info.plist */,
			);
			path = multicounterTests;
			sourceTree = "<group>";
		};
		27EEA9F81D2A567F003BB3A2 /* multicounterUITests */ = {
			isa = PBXGroup;
			children = (
				27EEA9F91D2A567F003BB3A2 /* multicounterUITests.swift */,
				27EEA9FB1D2A567F003BB3A2 /* Info.plist */,
			);
			path = multicounterUITests;
			sourceTree = "<group>";
		};
/* End PBXGroup section */

/* Begin PBXNativeTarget section */
		27EEA9D51D2A567E003BB3A2 /* multicounter */ = {
			isa = PBXNativeTarget;
			buildConfigurationList = 27EEA9FE1D2A567F003BB3A2 /* Build configuration list for PBXNativeTarget "multicounter" */;
			buildPhases = (
				27EEA9D21D2A567E003BB3A2 /* Sources */,
				27EEA9D31D2A567E003BB3A2 /* Frameworks */,
				27EEA9D41D2A567E003BB3A2 /* Resources */,
			);
			buildRules = (
			);
			dependencies = (
			);
			name = multicounter;
			productName = multicounter;
			productReference = 27EEA9D61D2A567E003BB3A2 /* multicounter.app */;
			productType = "com.apple.product-type.application";
		};
		27EEA9E91D2A567F003BB3A2 /* multicounterTests */ = {
			isa = PBXNativeTarget;
			buildConfigurationList = 27EEAA011D2A567F003BB3A2 /* Build configuration list for PBXNativeTarget "multicounterTests" */;
			buildPhases = (
				27EEA9E61D2A567F003BB3A2 /* Sources */,
				27EEA9E71D2A567F003BB3A2 /* Frameworks */,
				27EEA9E81D2A567F003BB3A2 /* Resources */,
			);
			buildRules = (
			);
			dependencies = (
				27EEA9EC1D2A567F003BB3A2 /* PBXTargetDependency */,
			);
			name = multicounterTests;
			productName = multicounterTests;
			productReference = 27EEA9EA1D2A567F003BB3A2 /* multicounterTests.xctest */;
			productType = "com.apple.product-type.bundle.unit-test";
		};
		27EEA9F41D2A567F003BB3A2 /* multicounterUITests */ = {
			isa = PBXNativeTarget;
			buildConfigurationList = 27EEAA041D2A567F003BB3A2 /* Build configuration list for PBXNativeTarget "multicounterUITests" */;
			buildPhases = (
				27EEA9F11D2A567F003BB3A2 /* Sources */,
				27EEA9F21D2A567F003BB3A2 /* Frameworks */,
				27EEA9F31D2A567F003BB3A2 /* Resources */,
			);
			buildRules = (
			);
			dependencies = (
				27EEA9F71D2A567F003BB3A2 /* PBXTargetDependency */,
			);
			name = multicounterUITests;
			productName = multicounterUITests;
			productReference = 27EEA9F51D2A567F003BB3A2 /* multicounterUITests.xctest */;
			productType = "com.apple.product-type.bundle.ui-testing";
		};
/* End PBXNativeTarget section */

/* Begin PBXProject section */
		27EEA9CE1D2A567E003BB3A2 /* Project object */ = {
			isa = PBXProject;
			attributes = {
				LastSwiftUpdateCheck = 0730;
				LastUpgradeCheck = 0730;
				ORGANIZATIONNAME = "Tatsuya Fukushima";
				TargetAttributes = {
					27EEA9D51D2A567E003BB3A2 = {
						CreatedOnToolsVersion = 7.3.1;
					};
					27EEA9E91D2A567F003BB3A2 = {
						CreatedOnToolsVersion = 7.3.1;
						TestTargetID = 27EEA9D51D2A567E003BB3A2;
					};
					27EEA9F41D2A567F003BB3A2 = {
						CreatedOnToolsVersion = 7.3.1;
						TestTargetID = 27EEA9D51D2A567E003BB3A2;
					};
				};
			};
			buildConfigurationList = 27EEA9D11D2A567E003BB3A2 /* Build configuration list for PBXProject "multicounter" */;
			compatibilityVersion = "Xcode 3.2";
			developmentRegion = English;
			hasScannedForEncodings = 0;
			knownRegions = (
				en,
				Base,
			);
			mainGroup = 27EEA9CD1D2A567E003BB3A2;
			productRefGroup = 27EEA9D71D2A567E003BB3A2 /* Products */;
			projectDirPath = "";
			projectRoot = "";
			targets = (
				27EEA9D51D2A567E003BB3A2 /* multicounter */,
				27EEA9E91D2A567F003BB3A2 /* multicounterTests */,
				27EEA9F41D2A567F003BB3A2 /* multicounterUITests */,
			);
		};
/* End PBXProject section */

/* Begin PBXResourcesBuildPhase section */
		27EEA9D41D2A567E003BB3A2 /* Resources */ = {
			isa = PBXResourcesBuildPhase;
			buildActionMask = 2147483647;
			files = (
				27EEA9E41D2A567E003BB3A2 /* LaunchScreen.storyboard in Resources */,
				27EEAA0C1D2B37CD003BB3A2 /* TableViewCell.xib in Resources */,
				27EEA9E11D2A567E003BB3A2 /* Assets.xcassets in Resources */,
				27EEA9DF1D2A567E003BB3A2 /* Main.storyboard in Resources */,
			);
			runOnlyForDeploymentPostprocessing = 0;
		};
		27EEA9E81D2A567F003BB3A2 /* Resources */ = {
			isa = PBXResourcesBuildPhase;
			buildActionMask = 2147483647;
			files = (
			);
			runOnlyForDeploymentPostprocessing = 0;
		};
		27EEA9F31D2A567F003BB3A2 /* Resources */ = {
			isa = PBXResourcesBuildPhase;
			buildActionMask = 2147483647;
			files = (
			);
			runOnlyForDeploymentPostprocessing = 0;
		};
/* End PBXResourcesBuildPhase section */

/* Begin PBXSourcesBuildPhase section */
		27EEA9D21D2A567E003BB3A2 /* Sources */ = {
			isa = PBXSourcesBuildPhase;
			buildActionMask = 2147483647;
			files = (
				27EEAA0B1D2B37CD003BB3A2 /* TableViewCell.swift in Sources */,
				27EEAA081D2A5E24003BB3A2 /* addViewController.swift in Sources */,
				27EEA9DA1D2A567E003BB3A2 /* AppDelegate.swift in Sources */,
				27EEAA0E1D2B3887003BB3A2 /* TableViewController.swift in Sources */,
			);
			runOnlyForDeploymentPostprocessing = 0;
		};
		27EEA9E61D2A567F003BB3A2 /* Sources */ = {
			isa = PBXSourcesBuildPhase;
			buildActionMask = 2147483647;
			files = (
				27EEA9EF1D2A567F003BB3A2 /* multicounterTests.swift in Sources */,
			);
			runOnlyForDeploymentPostprocessing = 0;
		};
		27EEA9F11D2A567F003BB3A2 /* Sources */ = {
			isa = PBXSourcesBuildPhase;
			buildActionMask = 2147483647;
			files = (
				27EEA9FA1D2A567F003BB3A2 /* multicounterUITests.swift in Sources */,
			);
			runOnlyForDeploymentPostprocessing = 0;
		};
/* End PBXSourcesBuildPhase section */

/* Begin PBXTargetDependency section */
		27EEA9EC1D2A567F003BB3A2 /* PBXTargetDependency */ = {
			isa = PBXTargetDependency;
			target = 27EEA9D51D2A567E003BB3A2 /* multicounter */;
			targetProxy = 27EEA9EB1D2A567F003BB3A2 /* PBXContainerItemProxy */;
		};
		27EEA9F71D2A567F003BB3A2 /* PBXTargetDependency */ = {
			isa = PBXTargetDependency;
			target = 27EEA9D51D2A567E003BB3A2 /* multicounter */;
			targetProxy = 27EEA9F61D2A567F003BB3A2 /* PBXContainerItemProxy */;
		};
/* End PBXTargetDependency section */

/* Begin PBXVariantGroup section */
		27EEA9DD1D2A567E003BB3A2 /* Main.storyboard */ = {
			isa = PBXVariantGroup;
			children = (
				27EEA9DE1D2A567E003BB3A2 /* Base */,
			);
			name = Main.storyboard;
			sourceTree = "<group>";
		};
		27EEA9E21D2A567E003BB3A2 /* LaunchScreen.storyboard */ = {
			isa = PBXVariantGroup;
			children = (
				27EEA9E31D2A567E003BB3A2 /* Base */,
			);
			name = LaunchScreen.storyboard;
			sourceTree = "<group>";
		};
/* End PBXVariantGroup section */

/* Begin XCBuildConfiguration section */
		27EEA9FC1D2A567F003BB3A2 /* Debug */ = {
			isa = XCBuildConfiguration;
			buildSettings = {
				ALWAYS_SEARCH_USER_PATHS = NO;
				CLANG_ANALYZER_NONNULL = YES;
				CLANG_CXX_LANGUAGE_STANDARD = "gnu++0x";
				CLANG_CXX_LIBRARY = "libc++";
				CLANG_ENABLE_MODULES = YES;
				CLANG_ENABLE_OBJC_ARC = YES;
				CLANG_WARN_BOOL_CONVERSION = YES;
				CLANG_WARN_CONSTANT_CONVERSION = YES;
				CLANG_WARN_DIRECT_OBJC_ISA_USAGE = YES_ERROR;
				CLANG_WARN_EMPTY_BODY = YES;
				CLANG_WARN_ENUM_CONVERSION = YES;
				CLANG_WARN_INT_CONVERSION = YES;
				CLANG_WARN_OBJC_ROOT_CLASS = YES_ERROR;
				CLANG_WARN_UNREACHABLE_CODE = YES;
				CLANG_WARN__DUPLICATE_METHOD_MATCH = YES;
				"CODE_SIGN_IDENTITY[sdk=iphoneos*]" = "iPhone Developer";
				COPY_PHASE_STRIP = NO;
				DEBUG_INFORMATION_FORMAT = dwarf;
				ENABLE_STRICT_OBJC_MSGSEND = YES;
				ENABLE_TESTABILITY = YES;
				GCC_C_LANGUAGE_STANDARD = gnu99;
				GCC_DYNAMIC_NO_PIC = NO;
				GCC_NO_COMMON_BLOCKS = YES;
				GCC_OPTIMIZATION_LEVEL = 0;
				GCC_PREPROCESSOR_DEFINITIONS = (
					"DEBUG=1",
					"$(inherited)",
				);
				GCC_WARN_64_TO_32_BIT_CONVERSION = YES;
				GCC_WARN_ABOUT_RETURN_TYPE = YES_ERROR;
				GCC_WARN_UNDECLARED_SELECTOR = YES;
				GCC_WARN_UNINITIALIZED_AUTOS = YES_AGGRESSIVE;
				GCC_WARN_UNUSED_FUNCTION = YES;
				GCC_WARN_UNUSED_VARIABLE = YES;
				IPHONEOS_DEPLOYMENT_TARGET = 9.3;
				MTL_ENABLE_DEBUG_INFO = YES;
				ONLY_ACTIVE_ARCH = YES;
				SDKROOT = iphoneos;
				SWIFT_OPTIMIZATION_LEVEL = "-Onone";
			};
			name = Debug;
		};
		27EEA9FD1D2A567F003BB3A2 /* Release */ = {
			isa = XCBuildConfiguration;
			buildSettings = {
				ALWAYS_SEARCH_USER_PATHS = NO;
				CLANG_ANALYZER_NONNULL = YES;
				CLANG_CXX_LANGUAGE_STANDARD = "gnu++0x";
				CLANG_CXX_LIBRARY = "libc++";
				CLANG_ENABLE_MODULES = YES;
				CLANG_ENABLE_OBJC_ARC = YES;
				CLANG_WARN_BOOL_CONVERSION = YES;
				CLANG_WARN_CONSTANT_CONVERSION = YES;
				CLANG_WARN_DIRECT_OBJC_ISA_USAGE = YES_ERROR;
				CLANG_WARN_EMPTY_BODY = YES;
				CLANG_WARN_ENUM_CONVERSION = YES;
				CLANG_WARN_INT_CONVERSION = YES;
				CLANG_WARN_OBJC_ROOT_CLASS = YES_ERROR;
				CLANG_WARN_UNREACHABLE_CODE = YES;
				CLANG_WARN__DUPLICATE_METHOD_MATCH = YES;
				"CODE_SIGN_IDENTITY[sdk=iphoneos*]" = "iPhone Developer";
				COPY_PHASE_STRIP = NO;
				DEBUG_INFORMATION_FORMAT = "dwarf-with-dsym";
				ENABLE_NS_ASSERTIONS = NO;
				ENABLE_STRICT_OBJC_MSGSEND = YES;
				GCC_C_LANGUAGE_STANDARD = gnu99;
				GCC_NO_COMMON_BLOCKS = YES;
				GCC_WARN_64_TO_32_BIT_CONVERSION = YES;
				GCC_WARN_ABOUT_RETURN_TYPE = YES_ERROR;
				GCC_WARN_UNDECLARED_SELECTOR = YES;
				GCC_WARN_UNINITIALIZED_AUTOS = YES_AGGRESSIVE;
				GCC_WARN_UNUSED_FUNCTION = YES;
				GCC_WARN_UNUSED_VARIABLE = YES;
				IPHONEOS_DEPLOYMENT_TARGET = 9.3;
				MTL_ENABLE_DEBUG_INFO = NO;
				SDKROOT = iphoneos;
				VALIDATE_PRODUCT = YES;
			};
			name = Release;
		};
		27EEA9FF1D2A567F003BB3A2 /* Debug */ = {
			isa = XCBuildConfiguration;
			buildSettings = {
				ASSETCATALOG_COMPILER_APPICON_NAME = AppIcon;
				INFOPLIST_FILE = multicounter/Info.plist;
				LD_RUNPATH_SEARCH_PATHS = "$(inherited) @executable_path/Frameworks";
				PRODUCT_BUNDLE_IDENTIFIER = "Tatsuya-Fukushima.multicounter";
				PRODUCT_NAME = "$(TARGET_NAME)";
			};
			name = Debug;
		};
		27EEAA001D2A567F003BB3A2 /* Release */ = {
			isa = XCBuildConfiguration;
			buildSettings = {
				ASSETCATALOG_COMPILER_APPICON_NAME = AppIcon;
				INFOPLIST_FILE = multicounter/Info.plist;
				LD_RUNPATH_SEARCH_PATHS = "$(inherited) @executable_path/Frameworks";
				PRODUCT_BUNDLE_IDENTIFIER = "Tatsuya-Fukushima.multicounter";
				PRODUCT_NAME = "$(TARGET_NAME)";
			};
			name = Release;
		};
		27EEAA021D2A567F003BB3A2 /* Debug */ = {
			isa = XCBuildConfiguration;
			buildSettings = {
				BUNDLE_LOADER = "$(TEST_HOST)";
				INFOPLIST_FILE = multicounterTests/Info.plist;
				LD_RUNPATH_SEARCH_PATHS = "$(inherited) @executable_path/Frameworks @loader_path/Frameworks";
				PRODUCT_BUNDLE_IDENTIFIER = "Tatsuya-Fukushima.multicounterTests";
				PRODUCT_NAME = "$(TARGET_NAME)";
				TEST_HOST = "$(BUILT_PRODUCTS_DIR)/multicounter.app/multicounter";
			};
			name = Debug;
		};
		27EEAA031D2A567F003BB3A2 /* Release */ = {
			isa = XCBuildConfiguration;
			buildSettings = {
				BUNDLE_LOADER = "$(TEST_HOST)";
				INFOPLIST_FILE = multicounterTests/Info.plist;
				LD_RUNPATH_SEARCH_PATHS = "$(inherited) @executable_path/Frameworks @loader_path/Frameworks";
				PRODUCT_BUNDLE_IDENTIFIER = "Tatsuya-Fukushima.multicounterTests";
				PRODUCT_NAME = "$(TARGET_NAME)";
				TEST_HOST = "$(BUILT_PRODUCTS_DIR)/multicounter.app/multicounter";
			};
			name = Release;
		};
		27EEAA051D2A567F003BB3A2 /* Debug */ = {
			isa = XCBuildConfiguration;
			buildSettings = {
				INFOPLIST_FILE = multicounterUITests/Info.plist;
				LD_RUNPATH_SEARCH_PATHS = "$(inherited) @executable_path/Frameworks @loader_path/Frameworks";
				PRODUCT_BUNDLE_IDENTIFIER = "Tatsuya-Fukushima.multicounterUITests";
				PRODUCT_NAME = "$(TARGET_NAME)";
				TEST_TARGET_NAME = multicounter;
			};
			name = Debug;
		};
		27EEAA061D2A567F003BB3A2 /* Release */ = {
			isa = XCBuildConfiguration;
			buildSettings = {
				INFOPLIST_FILE = multicounterUITests/Info.plist;
				LD_RUNPATH_SEARCH_PATHS = "$(inherited) @executable_path/Frameworks @loader_path/Frameworks";
				PRODUCT_BUNDLE_IDENTIFIER = "Tatsuya-Fukushima.multicounterUITests";
				PRODUCT_NAME = "$(TARGET_NAME)";
				TEST_TARGET_NAME = multicounter;
			};
			name = Release;
		};
/* End XCBuildConfiguration section */

/* Begin XCConfigurationList section */
		27EEA9D11D2A567E003BB3A2 /* Build configuration list for PBXProject "multicounter" */ = {
			isa = XCConfigurationList;
			buildConfigurations = (
				27EEA9FC1D2A567F003BB3A2 /* Debug */,
				27EEA9FD1D2A567F003BB3A2 /* Release */,
			);
			defaultConfigurationIsVisible = 0;
			defaultConfigurationName = Release;
		};
		27EEA9FE1D2A567F003BB3A2 /* Build configuration list for PBXNativeTarget "multicounter" */ = {
			isa = XCConfigurationList;
			buildConfigurations = (
				27EEA9FF1D2A567F003BB3A2 /* Debug */,
				27EEAA001D2A567F003BB3A2 /* Release */,
			);
			defaultConfigurationIsVisible = 0;
		};
		27EEAA011D2A567F003BB3A2 /* Build configuration list for PBXNativeTarget "multicounterTests" */ = {
			isa = XCConfigurationList;
			buildConfigurations = (
				27EEAA021D2A567F003BB3A2 /* Debug */,
				27EEAA031D2A567F003BB3A2 /* Release */,
			);
			defaultConfigurationIsVisible = 0;
		};
		27EEAA041D2A567F003BB3A2 /* Build configuration list for PBXNativeTarget "multicounterUITests" */ = {
			isa = XCConfigurationList;
			buildConfigurations = (
				27EEAA051D2A567F003BB3A2 /* Debug */,
				27EEAA061D2A567F003BB3A2 /* Release */,
			);
			defaultConfigurationIsVisible = 0;
		};
/* End XCConfigurationList section */
	};
	rootObject = 27EEA9CE1D2A567E003BB3A2 /* Project object */;
}
